// !$*UTF8*$!
{
	archiveVersion = 1;
	classes = {
	};
	objectVersion = 50;
	objects = {

/* Begin PBXBuildFile section */
		F05A2DCF21944E6D00EBC78F /* EnhanceW.m in Sources */ = {isa = PBXBuildFile; fileRef = F05A2DCE21944E6C00EBC78F /* EnhanceW.m */; };
		F05A2DD021944E6D00EBC78F /* EnhanceW.h in CopyFiles */ = {isa = PBXBuildFile; fileRef = F05A2DCD21944E6C00EBC78F /* EnhanceW.h */; };
		F05A2DDC21944E8F00EBC78F /* libconnector.a in Frameworks */ = {isa = PBXBuildFile; fileRef = F05A2DD821944E8F00EBC78F /* libconnector.a */; };
/* End PBXBuildFile section */

/* Begin PBXCopyFilesBuildPhase section */
		F05A2DC821944E6C00EBC78F /* CopyFiles */ = {
			isa = PBXCopyFilesBuildPhase;
			buildActionMask = 2147483647;
			dstPath = "include/$(PRODUCT_NAME)";
			dstSubfolderSpec = 16;
			files = (
				F05A2DD021944E6D00EBC78F /* EnhanceW.h in CopyFiles */,
			);
			runOnlyForDeploymentPostprocessing = 0;
		};
/* End PBXCopyFilesBuildPhase section */

/* Begin PBXFileReference section */
		F05A2DCA21944E6C00EBC78F /* libEnhanceW.a */ = {isa = PBXFileReference; explicitFileType = archive.ar; includeInIndex = 0; path = libEnhanceW.a; sourceTree = BUILT_PRODUCTS_DIR; };
		F05A2DCD21944E6C00EBC78F /* EnhanceW.h */ = {isa = PBXFileReference; lastKnownFileType = sourcecode.c.h; path = EnhanceW.h; sourceTree = "<group>"; };
		F05A2DCE21944E6C00EBC78F /* EnhanceW.m */ = {isa = PBXFileReference; lastKnownFileType = sourcecode.c.objc; path = EnhanceW.m; sourceTree = "<group>"; };
		F05A2DD721944E8F00EBC78F /* Enhance.h */ = {isa = PBXFileReference; fileEncoding = 4; lastKnownFileType = sourcecode.c.h; path = Enhance.h; sourceTree = "<group>"; };
		F05A2DD821944E8F00EBC78F /* libconnector.a */ = {isa = PBXFileReference; lastKnownFileType = archive.ar; path = libconnector.a; sourceTree = "<group>"; };
		F05A2DD921944E8F00EBC78F /* EnhanceSettings.h */ = {isa = PBXFileReference; fileEncoding = 4; lastKnownFileType = sourcecode.c.h; path = EnhanceSettings.h; sourceTree = "<group>"; };
		F05A2DDA21944E8F00EBC78F /* EnhanceInAppPurchases.h */ = {isa = PBXFileReference; fileEncoding = 4; lastKnownFileType = sourcecode.c.h; path = EnhanceInAppPurchases.h; sourceTree = "<group>"; };
		F05A2DDB21944E8F00EBC78F /* readme.md */ = {isa = PBXFileReference; fileEncoding = 4; lastKnownFileType = net.daringfireball.markdown; path = readme.md; sourceTree = "<group>"; };
/* End PBXFileReference section */

/* Begin PBXFrameworksBuildPhase section */
		F05A2DC721944E6C00EBC78F /* Frameworks */ = {
			isa = PBXFrameworksBuildPhase;
			buildActionMask = 2147483647;
			files = (
				F05A2DDC21944E8F00EBC78F /* libconnector.a in Frameworks */,
			);
			runOnlyForDeploymentPostprocessing = 0;
		};
/* End PBXFrameworksBuildPhase section */

/* Begin PBXGroup section */
		F05A2DC121944E6C00EBC78F = {
			isa = PBXGroup;
			children = (
				F05A2DD621944E8F00EBC78F /* Enhance */,
				F05A2DCC21944E6C00EBC78F /* EnhanceW */,
				F05A2DCB21944E6C00EBC78F /* Products */,
			);
			sourceTree = "<group>";
		};
		F05A2DCB21944E6C00EBC78F /* Products */ = {
			isa = PBXGroup;
			children = (
				F05A2DCA21944E6C00EBC78F /* libEnhanceW.a */,
			);
			name = Products;
			sourceTree = "<group>";
		};
		F05A2DCC21944E6C00EBC78F /* EnhanceW */ = {
			isa = PBXGroup;
			children = (
				F05A2DCD21944E6C00EBC78F /* EnhanceW.h */,
				F05A2DCE21944E6C00EBC78F /* EnhanceW.m */,
			);
			path = EnhanceW;
			sourceTree = "<group>";
		};
		F05A2DD621944E8F00EBC78F /* Enhance */ = {
			isa = PBXGroup;
			children = (
				F05A2DD721944E8F00EBC78F /* Enhance.h */,
				F05A2DD821944E8F00EBC78F /* libconnector.a */,
				F05A2DD921944E8F00EBC78F /* EnhanceSettings.h */,
				F05A2DDA21944E8F00EBC78F /* EnhanceInAppPurchases.h */,
				F05A2DDB21944E8F00EBC78F /* readme.md */,
			);
			path = Enhance;
			sourceTree = "<group>";
		};
/* End PBXGroup section */

/* Begin PBXNativeTarget section */
		F05A2DC921944E6C00EBC78F /* EnhanceW */ = {
			isa = PBXNativeTarget;
			buildConfigurationList = F05A2DD321944E6D00EBC78F /* Build configuration list for PBXNativeTarget "EnhanceW" */;
			buildPhases = (
				F05A2DC621944E6C00EBC78F /* Sources */,
				F05A2DC721944E6C00EBC78F /* Frameworks */,
				F05A2DC821944E6C00EBC78F /* CopyFiles */,
			);
			buildRules = (
			);
			dependencies = (
			);
			name = EnhanceW;
			productName = EnhanceW;
			productReference = F05A2DCA21944E6C00EBC78F /* libEnhanceW.a */;
			productType = "com.apple.product-type.library.static";
		};
/* End PBXNativeTarget section */

/* Begin PBXProject section */
		F05A2DC221944E6C00EBC78F /* Project object */ = {
			isa = PBXProject;
			attributes = {
				LastUpgradeCheck = 1000;
				ORGANIZATIONNAME = MobiVM;
				TargetAttributes = {
					F05A2DC921944E6C00EBC78F = {
						CreatedOnToolsVersion = 10.0;
					};
				};
			};
			buildConfigurationList = F05A2DC521944E6C00EBC78F /* Build configuration list for PBXProject "EnhanceW" */;
			compatibilityVersion = "Xcode 9.3";
			developmentRegion = en;
			hasScannedForEncodings = 0;
			knownRegions = (
				en,
			);
			mainGroup = F05A2DC121944E6C00EBC78F;
			productRefGroup = F05A2DCB21944E6C00EBC78F /* Products */;
			projectDirPath = "";
			projectRoot = "";
			targets = (
				F05A2DC921944E6C00EBC78F /* EnhanceW */,
			);
		};
/* End PBXProject section */

/* Begin PBXSourcesBuildPhase section */
		F05A2DC621944E6C00EBC78F /* Sources */ = {
			isa = PBXSourcesBuildPhase;
			buildActionMask = 2147483647;
			files = (
				F05A2DCF21944E6D00EBC78F /* EnhanceW.m in Sources */,
			);
			runOnlyForDeploymentPostprocessing = 0;
		};
/* End PBXSourcesBuildPhase section */

/* Begin XCBuildConfiguration section */
		F05A2DD121944E6D00EBC78F /* Debug */ = {
			isa = XCBuildConfiguration;
			buildSettings = {
				ALWAYS_SEARCH_USER_PATHS = NO;
				CLANG_ANALYZER_NONNULL = YES;
				CLANG_ANALYZER_NUMBER_OBJECT_CONVERSION = YES_AGGRESSIVE;
				CLANG_CXX_LANGUAGE_STANDARD = "gnu++14";
				CLANG_CXX_LIBRARY = "libc++";
				CLANG_ENABLE_MODULES = YES;
				CLANG_ENABLE_OBJC_ARC = YES;
				CLANG_ENABLE_OBJC_WEAK = YES;
				CLANG_WARN_BLOCK_CAPTURE_AUTORELEASING = YES;
				CLANG_WARN_BOOL_CONVERSION = YES;
				CLANG_WARN_COMMA = YES;
				CLANG_WARN_CONSTANT_CONVERSION = YES;
				CLANG_WARN_DEPRECATED_OBJC_IMPLEMENTATIONS = YES;
				CLANG_WARN_DIRECT_OBJC_ISA_USAGE = YES_ERROR;
				CLANG_WARN_DOCUMENTATION_COMMENTS = YES;
				CLANG_WARN_EMPTY_BODY = YES;
				CLANG_WARN_ENUM_CONVERSION = YES;
				CLANG_WARN_INFINITE_RECURSION = YES;
				CLANG_WARN_INT_CONVERSION = YES;
				CLANG_WARN_NON_LITERAL_NULL_CONVERSION = YES;
				CLANG_WARN_OBJC_IMPLICIT_RETAIN_SELF = YES;
				CLANG_WARN_OBJC_LITERAL_CONVERSION = YES;
				CLANG_WARN_OBJC_ROOT_CLASS = YES_ERROR;
				CLANG_WARN_RANGE_LOOP_ANALYSIS = YES;
				CLANG_WARN_STRICT_PROTOTYPES = YES;
				CLANG_WARN_SUSPICIOUS_MOVE = YES;
				CLANG_WARN_UNGUARDED_AVAILABILITY = YES_AGGRESSIVE;
				CLANG_WARN_UNREACHABLE_CODE = YES;
				CLANG_WARN__DUPLICATE_METHOD_MATCH = YES;
				CODE_SIGN_IDENTITY = "iPhone Developer";
				COPY_PHASE_STRIP = NO;
				DEBUG_INFORMATION_FORMAT = dwarf;
				ENABLE_STRICT_OBJC_MSGSEND = YES;
				ENABLE_TESTABILITY = YES;
				GCC_C_LANGUAGE_STANDARD = gnu11;
				GCC_DYNAMIC_NO_PIC = NO;
				GCC_NO_COMMON_BLOCKS = YES;
				GCC_OPTIMIZATION_LEVEL = 0;
				GCC_PREPROCESSOR_DEFINITIONS = (
					"DEBUG=1",
					"$(inherited)",
				);
				GCC_WARN_64_TO_32_BIT_CONVERSION = YES;
				GCC_WARN_ABOUT_RETURN_TYPE = YES_ERROR;
				GCC_WARN_UNDECLARED_SELECTOR = YES;
				GCC_WARN_UNINITIALIZED_AUTOS = YES_AGGRESSIVE;
				GCC_WARN_UNUSED_FUNCTION = YES;
				GCC_WARN_UNUSED_VARIABLE = YES;
				IPHONEOS_DEPLOYMENT_TARGET = 10.0;
				MTL_ENABLE_DEBUG_INFO = INCLUDE_SOURCE;
				MTL_FAST_MATH = YES;
				ONLY_ACTIVE_ARCH = YES;
				SDKROOT = iphoneos;
			};
			name = Debug;
		};
		F05A2DD221944E6D00EBC78F /* Release */ = {
			isa = XCBuildConfiguration;
			buildSettings = {
				ALWAYS_SEARCH_USER_PATHS = NO;
				CLANG_ANALYZER_NONNULL = YES;
				CLANG_ANALYZER_NUMBER_OBJECT_CONVERSION = YES_AGGRESSIVE;
				CLANG_CXX_LANGUAGE_STANDARD = "gnu++14";
				CLANG_CXX_LIBRARY = "libc++";
				CLANG_ENABLE_MODULES = YES;
				CLANG_ENABLE_OBJC_ARC = YES;
				CLANG_ENABLE_OBJC_WEAK = YES;
				CLANG_WARN_BLOCK_CAPTURE_AUTORELEASING = YES;
				CLANG_WARN_BOOL_CONVERSION = YES;
				CLANG_WARN_COMMA = YES;
				CLANG_WARN_CONSTANT_CONVERSION = YES;
				CLANG_WARN_DEPRECATED_OBJC_IMPLEMENTATIONS = YES;
				CLANG_WARN_DIRECT_OBJC_ISA_USAGE = YES_ERROR;
				CLANG_WARN_DOCUMENTATION_COMMENTS = YES;
				CLANG_WARN_EMPTY_BODY = YES;
				CLANG_WARN_ENUM_CONVERSION = YES;
				CLANG_WARN_INFINITE_RECURSION = YES;
				CLANG_WARN_INT_CONVERSION = YES;
				CLANG_WARN_NON_LITERAL_NULL_CONVERSION = YES;
				CLANG_WARN_OBJC_IMPLICIT_RETAIN_SELF = YES;
				CLANG_WARN_OBJC_LITERAL_CONVERSION = YES;
				CLANG_WARN_OBJC_ROOT_CLASS = YES_ERROR;
				CLANG_WARN_RANGE_LOOP_ANALYSIS = YES;
				CLANG_WARN_STRICT_PROTOTYPES = YES;
				CLANG_WARN_SUSPICIOUS_MOVE = YES;
				CLANG_WARN_UNGUARDED_AVAILABILITY = YES_AGGRESSIVE;
				CLANG_WARN_UNREACHABLE_CODE = YES;
				CLANG_WARN__DUPLICATE_METHOD_MATCH = YES;
				CODE_SIGN_IDENTITY = "iPhone Developer";
				COPY_PHASE_STRIP = NO;
				DEBUG_INFORMATION_FORMAT = "dwarf-with-dsym";
				ENABLE_NS_ASSERTIONS = NO;
				ENABLE_STRICT_OBJC_MSGSEND = YES;
				GCC_C_LANGUAGE_STANDARD = gnu11;
				GCC_NO_COMMON_BLOCKS = YES;
				GCC_WARN_64_TO_32_BIT_CONVERSION = YES;
				GCC_WARN_ABOUT_RETURN_TYPE = YES_ERROR;
				GCC_WARN_UNDECLARED_SELECTOR = YES;
				GCC_WARN_UNINITIALIZED_AUTOS = YES_AGGRESSIVE;
				GCC_WARN_UNUSED_FUNCTION = YES;
				GCC_WARN_UNUSED_VARIABLE = YES;
				IPHONEOS_DEPLOYMENT_TARGET = 10.0;
				MTL_ENABLE_DEBUG_INFO = NO;
				MTL_FAST_MATH = YES;
				SDKROOT = iphoneos;
				VALIDATE_PRODUCT = YES;
			};
			name = Release;
		};
		F05A2DD421944E6D00EBC78F /* Debug */ = {
			isa = XCBuildConfiguration;
			buildSettings = {
				CODE_SIGN_STYLE = Automatic;
				LIBRARY_SEARCH_PATHS = (
					"$(inherited)",
					"$(PROJECT_DIR)/Enhance",
				);
				OTHER_LDFLAGS = "-ObjC";
				PRODUCT_NAME = "$(TARGET_NAME)";
				SKIP_INSTALL = YES;
				TARGETED_DEVICE_FAMILY = "1,2";
			};
			name = Debug;
		};
		F05A2DD521944E6D00EBC78F /* Release */ = {
			isa = XCBuildConfiguration;
			buildSettings = {
				CODE_SIGN_STYLE = Automatic;
				LIBRARY_SEARCH_PATHS = (
					"$(inherited)",
					"$(PROJECT_DIR)/Enhance",
				);
				OTHER_LDFLAGS = "-ObjC";
				PRODUCT_NAME = "$(TARGET_NAME)";
				SKIP_INSTALL = YES;
				TARGETED_DEVICE_FAMILY = "1,2";
			};
			name = Release;
		};
/* End XCBuildConfiguration section */

/* Begin XCConfigurationList section */
		F05A2DC521944E6C00EBC78F /* Build configuration list for PBXProject "EnhanceW" */ = {
			isa = XCConfigurationList;
			buildConfigurations = (
				F05A2DD121944E6D00EBC78F /* Debug */,
				F05A2DD221944E6D00EBC78F /* Release */,
			);
			defaultConfigurationIsVisible = 0;
			defaultConfigurationName = Release;
		};
		F05A2DD321944E6D00EBC78F /* Build configuration list for PBXNativeTarget "EnhanceW" */ = {
			isa = XCConfigurationList;
			buildConfigurations = (
				F05A2DD421944E6D00EBC78F /* Debug */,
				F05A2DD521944E6D00EBC78F /* Release */,
			);
			defaultConfigurationIsVisible = 0;
			defaultConfigurationName = Release;
		};
/* End XCConfigurationList section */
	};
	rootObject = F05A2DC221944E6C00EBC78F /* Project object */;
}
